
Microsoft Visual Studio Solution File, Format Version 12.00
# Visual Studio 15
VisualStudioVersion = 15.0.27703.2047
MinimumVisualStudioVersion = 10.0.40219.1
Project("{FAE04EC0-301F-11D3-BF4B-00C04F79EFBC}") = "Sparta-Blog-Project", "Sparta-Blog-Project\Sparta-Blog-Project.csproj", "{46E54C39-B82B-4779-A5D3-23BC51269D01}"
EndProject
Global
	GlobalSection(SolutionConfigurationPlatforms) = preSolution
		Debug|Any CPU = Debug|Any CPU
		Release|Any CPU = Release|Any CPU
	EndGlobalSection
	GlobalSection(ProjectConfigurationPlatforms) = postSolution
		{46E54C39-B82B-4779-A5D3-23BC51269D01}.Debug|Any CPU.ActiveCfg = Debug|Any CPU
		{46E54C39-B82B-4779-A5D3-23BC51269D01}.Debug|Any CPU.Build.0 = Debug|Any CPU
		{46E54C39-B82B-4779-A5D3-23BC51269D01}.Release|Any CPU.ActiveCfg = Release|Any CPU
		{46E54C39-B82B-4779-A5D3-23BC51269D01}.Release|Any CPU.Build.0 = Release|Any CPU
	EndGlobalSection
	GlobalSection(SolutionProperties) = preSolution
		HideSolutionNode = FALSE
	EndGlobalSection
	GlobalSection(ExtensibilityGlobals) = postSolution
		SolutionGuid = {FABEA296-A78E-4914-A404-C4D2FD6B51FB}
	EndGlobalSection
EndGlobal
